// !$*UTF8*$!
{
	archiveVersion = 1;
	classes = {
	};
	objectVersion = 56;
	objects = {

/* Begin PBXFileReference section */
		3111AEEA2BA78BAA005930AA /* README.md */ = {isa = PBXFileReference; fileEncoding = 4; lastKnownFileType = net.daringfireball.markdown; lineEnding = 0; path = README.md; sourceTree = "<group>"; };
		316587CB2BA8F2D6002DA2C7 /* global.css */ = {isa = PBXFileReference; fileEncoding = 4; lastKnownFileType = text.css; lineEnding = 0; path = global.css; sourceTree = "<group>"; };
		316587CD2BA8F2D6002DA2C7 /* map.js */ = {isa = PBXFileReference; fileEncoding = 4; lastKnownFileType = sourcecode.javascript; lineEnding = 0; name = map.js; path = /Applications/Xcode.app/Contents/Developer/../../../../Users/jackwoodward/Developer/pi_radar/static/map.js; sourceTree = "<absolute>"; };
		31774DDB2BAB480700EDFAF3 /* main.py */ = {isa = PBXFileReference; lastKnownFileType = text.script.python; path = main.py; sourceTree = "<group>"; };
		31774DDC2BAB50C300EDFAF3 /* requirements.txt */ = {isa = PBXFileReference; lastKnownFileType = text; path = requirements.txt; sourceTree = "<group>"; };
		317903402BAB6F68006E4DA8 /* map.html */ = {isa = PBXFileReference; lastKnownFileType = text.html; path = map.html; sourceTree = "<group>"; };
		317B09E82BA762D1006803B3 /* lookup.py */ = {isa = PBXFileReference; fileEncoding = 4; lastKnownFileType = text.script.python; lineEnding = 0; path = lookup.py; sourceTree = "<group>"; };
		317B09E92BA762D1006803B3 /* jetphotos.py */ = {isa = PBXFileReference; fileEncoding = 4; lastKnownFileType = text.script.python; lineEnding = 0; path = jetphotos.py; sourceTree = "<group>"; };
		31C111EF2BAF189E00725E15 /* decoder.py */ = {isa = PBXFileReference; lastKnownFileType = text.script.python; path = decoder.py; sourceTree = "<group>"; };
		31C111F02BAF1C3400725E15 /* __init__.py */ = {isa = PBXFileReference; lastKnownFileType = text.script.python; path = __init__.py; sourceTree = "<group>"; };
/* End PBXFileReference section */

/* Begin PBXGroup section */
		317903412BAB6F68006E4DA8 /* templates */ = {
			isa = PBXGroup;
			children = (
				317903402BAB6F68006E4DA8 /* map.html */,
			);
			path = templates;
			sourceTree = "<group>";
		};
		317903422BAB6FF8006E4DA8 /* static */ = {
			isa = PBXGroup;
			children = (
				316587CD2BA8F2D6002DA2C7 /* map.js */,
				316587CB2BA8F2D6002DA2C7 /* global.css */,
			);
			path = static;
			sourceTree = "<group>";
		};
		317903432BAB7052006E4DA8 /* backend */ = {
			isa = PBXGroup;
			children = (
				31C111F02BAF1C3400725E15 /* __init__.py */,
				31C111EF2BAF189E00725E15 /* decoder.py */,
				317B09E82BA762D1006803B3 /* lookup.py */,
				317B09E92BA762D1006803B3 /* jetphotos.py */,
			);
			path = backend;
			sourceTree = "<group>";
		};
		31E2D1F92BA761F30016A974 = {
			isa = PBXGroup;
			children = (
				3111AEEA2BA78BAA005930AA /* README.md */,
				31774DDC2BAB50C300EDFAF3 /* requirements.txt */,
				31774DDB2BAB480700EDFAF3 /* main.py */,
				317903432BAB7052006E4DA8 /* backend */,
				317903412BAB6F68006E4DA8 /* templates */,
				317903422BAB6FF8006E4DA8 /* static */,
			);
			sourceTree = "<group>";
		};
/* End PBXGroup section */

/* Begin PBXLegacyTarget section */
		31E2D1FE2BA761F30016A974 /* Piradar */ = {
			isa = PBXLegacyTarget;
			buildArgumentsString = "$(ACTION)";
			buildConfigurationList = 31E2D2012BA761F30016A974 /* Build configuration list for PBXLegacyTarget "Piradar" */;
			buildPhases = (
			);
			buildToolPath = /usr/bin/python3;
			buildWorkingDirectory = "";
			dependencies = (
			);
			name = Piradar;
			passBuildSettingsInEnvironment = 1;
			productName = Piradar;
		};
/* End PBXLegacyTarget section */

/* Begin PBXProject section */
		31E2D1FA2BA761F30016A974 /* Project object */ = {
			isa = PBXProject;
			attributes = {
				BuildIndependentTargetsInParallel = 1;
				LastUpgradeCheck = 1530;
				TargetAttributes = {
					31E2D1FE2BA761F30016A974 = {
						CreatedOnToolsVersion = 15.3;
					};
				};
			};
			buildConfigurationList = 31E2D1FD2BA761F30016A974 /* Build configuration list for PBXProject "Piradar" */;
			compatibilityVersion = "Xcode 14.0";
			developmentRegion = en;
			hasScannedForEncodings = 0;
			knownRegions = (
				en,
				Base,
			);
			mainGroup = 31E2D1F92BA761F30016A974;
			projectDirPath = "";
			projectRoot = "";
			targets = (
				31E2D1FE2BA761F30016A974 /* Piradar */,
			);
		};
/* End PBXProject section */

/* Begin XCBuildConfiguration section */
		31E2D1FF2BA761F30016A974 /* Debug */ = {
			isa = XCBuildConfiguration;
			buildSettings = {
				ALWAYS_SEARCH_USER_PATHS = NO;
				ASSETCATALOG_COMPILER_GENERATE_SWIFT_ASSET_SYMBOL_EXTENSIONS = YES;
				CLANG_ANALYZER_NONNULL = YES;
				CLANG_ANALYZER_NUMBER_OBJECT_CONVERSION = YES_AGGRESSIVE;
				CLANG_CXX_LANGUAGE_STANDARD = "gnu++20";
				CLANG_ENABLE_MODULES = YES;
				CLANG_ENABLE_OBJC_ARC = YES;
				CLANG_ENABLE_OBJC_WEAK = YES;
				CLANG_WARN_BLOCK_CAPTURE_AUTORELEASING = YES;
				CLANG_WARN_BOOL_CONVERSION = YES;
				CLANG_WARN_COMMA = YES;
				CLANG_WARN_CONSTANT_CONVERSION = YES;
				CLANG_WARN_DEPRECATED_OBJC_IMPLEMENTATIONS = YES;
				CLANG_WARN_DIRECT_OBJC_ISA_USAGE = YES_ERROR;
				CLANG_WARN_DOCUMENTATION_COMMENTS = YES;
				CLANG_WARN_EMPTY_BODY = YES;
				CLANG_WARN_ENUM_CONVERSION = YES;
				CLANG_WARN_INFINITE_RECURSION = YES;
				CLANG_WARN_INT_CONVERSION = YES;
				CLANG_WARN_NON_LITERAL_NULL_CONVERSION = YES;
				CLANG_WARN_OBJC_IMPLICIT_RETAIN_SELF = YES;
				CLANG_WARN_OBJC_LITERAL_CONVERSION = YES;
				CLANG_WARN_OBJC_ROOT_CLASS = YES_ERROR;
				CLANG_WARN_QUOTED_INCLUDE_IN_FRAMEWORK_HEADER = YES;
				CLANG_WARN_RANGE_LOOP_ANALYSIS = YES;
				CLANG_WARN_STRICT_PROTOTYPES = YES;
				CLANG_WARN_SUSPICIOUS_MOVE = YES;
				CLANG_WARN_UNGUARDED_AVAILABILITY = YES_AGGRESSIVE;
				CLANG_WARN_UNREACHABLE_CODE = YES;
				CLANG_WARN__DUPLICATE_METHOD_MATCH = YES;
				COPY_PHASE_STRIP = NO;
				DEBUG_INFORMATION_FORMAT = dwarf;
				ENABLE_STRICT_OBJC_MSGSEND = YES;
				ENABLE_TESTABILITY = YES;
				ENABLE_USER_SCRIPT_SANDBOXING = YES;
				GCC_C_LANGUAGE_STANDARD = gnu17;
				GCC_DYNAMIC_NO_PIC = NO;
				GCC_NO_COMMON_BLOCKS = YES;
				GCC_OPTIMIZATION_LEVEL = 0;
				GCC_PREPROCESSOR_DEFINITIONS = (
					"DEBUG=1",
					"$(inherited)",
				);
				GCC_WARN_64_TO_32_BIT_CONVERSION = YES;
				GCC_WARN_ABOUT_RETURN_TYPE = YES_ERROR;
				GCC_WARN_UNDECLARED_SELECTOR = YES;
				GCC_WARN_UNINITIALIZED_AUTOS = YES_AGGRESSIVE;
				GCC_WARN_UNUSED_FUNCTION = YES;
				GCC_WARN_UNUSED_VARIABLE = YES;
				LOCALIZATION_PREFERS_STRING_CATALOGS = YES;
				MTL_ENABLE_DEBUG_INFO = INCLUDE_SOURCE;
				MTL_FAST_MATH = YES;
				ONLY_ACTIVE_ARCH = YES;
			};
			name = Debug;
		};
		31E2D2002BA761F30016A974 /* Release */ = {
			isa = XCBuildConfiguration;
			buildSettings = {
				ALWAYS_SEARCH_USER_PATHS = NO;
				ASSETCATALOG_COMPILER_GENERATE_SWIFT_ASSET_SYMBOL_EXTENSIONS = YES;
				CLANG_ANALYZER_NONNULL = YES;
				CLANG_ANALYZER_NUMBER_OBJECT_CONVERSION = YES_AGGRESSIVE;
				CLANG_CXX_LANGUAGE_STANDARD = "gnu++20";
				CLANG_ENABLE_MODULES = YES;
				CLANG_ENABLE_OBJC_ARC = YES;
				CLANG_ENABLE_OBJC_WEAK = YES;
				CLANG_WARN_BLOCK_CAPTURE_AUTORELEASING = YES;
				CLANG_WARN_BOOL_CONVERSION = YES;
				CLANG_WARN_COMMA = YES;
				CLANG_WARN_CONSTANT_CONVERSION = YES;
				CLANG_WARN_DEPRECATED_OBJC_IMPLEMENTATIONS = YES;
				CLANG_WARN_DIRECT_OBJC_ISA_USAGE = YES_ERROR;
				CLANG_WARN_DOCUMENTATION_COMMENTS = YES;
				CLANG_WARN_EMPTY_BODY = YES;
				CLANG_WARN_ENUM_CONVERSION = YES;
				CLANG_WARN_INFINITE_RECURSION = YES;
				CLANG_WARN_INT_CONVERSION = YES;
				CLANG_WARN_NON_LITERAL_NULL_CONVERSION = YES;
				CLANG_WARN_OBJC_IMPLICIT_RETAIN_SELF = YES;
				CLANG_WARN_OBJC_LITERAL_CONVERSION = YES;
				CLANG_WARN_OBJC_ROOT_CLASS = YES_ERROR;
				CLANG_WARN_QUOTED_INCLUDE_IN_FRAMEWORK_HEADER = YES;
				CLANG_WARN_RANGE_LOOP_ANALYSIS = YES;
				CLANG_WARN_STRICT_PROTOTYPES = YES;
				CLANG_WARN_SUSPICIOUS_MOVE = YES;
				CLANG_WARN_UNGUARDED_AVAILABILITY = YES_AGGRESSIVE;
				CLANG_WARN_UNREACHABLE_CODE = YES;
				CLANG_WARN__DUPLICATE_METHOD_MATCH = YES;
				COPY_PHASE_STRIP = NO;
				DEBUG_INFORMATION_FORMAT = "dwarf-with-dsym";
				ENABLE_NS_ASSERTIONS = NO;
				ENABLE_STRICT_OBJC_MSGSEND = YES;
				ENABLE_USER_SCRIPT_SANDBOXING = YES;
				GCC_C_LANGUAGE_STANDARD = gnu17;
				GCC_NO_COMMON_BLOCKS = YES;
				GCC_WARN_64_TO_32_BIT_CONVERSION = YES;
				GCC_WARN_ABOUT_RETURN_TYPE = YES_ERROR;
				GCC_WARN_UNDECLARED_SELECTOR = YES;
				GCC_WARN_UNINITIALIZED_AUTOS = YES_AGGRESSIVE;
				GCC_WARN_UNUSED_FUNCTION = YES;
				GCC_WARN_UNUSED_VARIABLE = YES;
				LOCALIZATION_PREFERS_STRING_CATALOGS = YES;
				MTL_ENABLE_DEBUG_INFO = NO;
				MTL_FAST_MATH = YES;
			};
			name = Release;
		};
		31E2D2022BA761F30016A974 /* Debug */ = {
			isa = XCBuildConfiguration;
			buildSettings = {
				CODE_SIGN_STYLE = Automatic;
				DEBUGGING_SYMBOLS = YES;
				DEBUG_INFORMATION_FORMAT = dwarf;
				DEVELOPMENT_TEAM = F76K4V3FNM;
				GCC_GENERATE_DEBUGGING_SYMBOLS = YES;
				GCC_OPTIMIZATION_LEVEL = 0;
				OTHER_CFLAGS = "";
				OTHER_LDFLAGS = "";
				PRODUCT_NAME = "$(TARGET_NAME)";
			};
			name = Debug;
		};
		31E2D2032BA761F30016A974 /* Release */ = {
			isa = XCBuildConfiguration;
			buildSettings = {
				CODE_SIGN_STYLE = Automatic;
				DEBUG_INFORMATION_FORMAT = "dwarf-with-dsym";
				DEVELOPMENT_TEAM = F76K4V3FNM;
				OTHER_CFLAGS = "";
				OTHER_LDFLAGS = "";
				PRODUCT_NAME = "$(TARGET_NAME)";
			};
			name = Release;
		};
/* End XCBuildConfiguration section */

/* Begin XCConfigurationList section */
		31E2D1FD2BA761F30016A974 /* Build configuration list for PBXProject "Piradar" */ = {
			isa = XCConfigurationList;
			buildConfigurations = (
				31E2D1FF2BA761F30016A974 /* Debug */,
				31E2D2002BA761F30016A974 /* Release */,
			);
			defaultConfigurationIsVisible = 0;
			defaultConfigurationName = Release;
		};
		31E2D2012BA761F30016A974 /* Build configuration list for PBXLegacyTarget "Piradar" */ = {
			isa = XCConfigurationList;
			buildConfigurations = (
				31E2D2022BA761F30016A974 /* Debug */,
				31E2D2032BA761F30016A974 /* Release */,
			);
			defaultConfigurationIsVisible = 0;
			defaultConfigurationName = Release;
		};
/* End XCConfigurationList section */
	};
	rootObject = 31E2D1FA2BA761F30016A974 /* Project object */;
}
